
Microsoft Visual Studio Solution File, Format Version 12.00
# Visual Studio Version 16
VisualStudioVersion = 16.0.29503.13
MinimumVisualStudioVersion = 10.0.40219.1
Project("{FAE04EC0-301F-11D3-BF4B-00C04F79EFBC}") = "Hometask_Liuba1", "Hometask_Liuba1\Hometask_Liuba1.csproj", "{FE776A02-9330-4624-9885-C81517AC291E}"
EndProject
Global
	GlobalSection(SolutionConfigurationPlatforms) = preSolution
		Debug|Any CPU = Debug|Any CPU
		Release|Any CPU = Release|Any CPU
	EndGlobalSection
	GlobalSection(ProjectConfigurationPlatforms) = postSolution
		{FE776A02-9330-4624-9885-C81517AC291E}.Debug|Any CPU.ActiveCfg = Debug|Any CPU
		{FE776A02-9330-4624-9885-C81517AC291E}.Debug|Any CPU.Build.0 = Debug|Any CPU
		{FE776A02-9330-4624-9885-C81517AC291E}.Release|Any CPU.ActiveCfg = Release|Any CPU
		{FE776A02-9330-4624-9885-C81517AC291E}.Release|Any CPU.Build.0 = Release|Any CPU
	EndGlobalSection
	GlobalSection(SolutionProperties) = preSolution
		HideSolutionNode = FALSE
	EndGlobalSection
	GlobalSection(ExtensibilityGlobals) = postSolution
		SolutionGuid = {56D42E1D-2042-449B-AAC9-BED741FE5268}
	EndGlobalSection
EndGlobal
