
Microsoft Visual Studio Solution File, Format Version 12.00
# Visual Studio Version 16
VisualStudioVersion = 16.0.29503.13
MinimumVisualStudioVersion = 10.0.40219.1
Project("{FAE04EC0-301F-11D3-BF4B-00C04F79EFBC}") = "Hometask 2", "Hometask 2\Hometask 2.csproj", "{35B52587-D03E-4447-9C9A-CCA5EF135984}"
EndProject
Global
	GlobalSection(SolutionConfigurationPlatforms) = preSolution
		Debug|Any CPU = Debug|Any CPU
		Release|Any CPU = Release|Any CPU
	EndGlobalSection
	GlobalSection(ProjectConfigurationPlatforms) = postSolution
		{35B52587-D03E-4447-9C9A-CCA5EF135984}.Debug|Any CPU.ActiveCfg = Debug|Any CPU
		{35B52587-D03E-4447-9C9A-CCA5EF135984}.Debug|Any CPU.Build.0 = Debug|Any CPU
		{35B52587-D03E-4447-9C9A-CCA5EF135984}.Release|Any CPU.ActiveCfg = Release|Any CPU
		{35B52587-D03E-4447-9C9A-CCA5EF135984}.Release|Any CPU.Build.0 = Release|Any CPU
	EndGlobalSection
	GlobalSection(SolutionProperties) = preSolution
		HideSolutionNode = FALSE
	EndGlobalSection
	GlobalSection(ExtensibilityGlobals) = postSolution
		SolutionGuid = {DC254A6D-DD99-4201-91BE-6B6AF69DA918}
	EndGlobalSection
EndGlobal
